{
  "name": "kiriharateaproject",
  "lockfileVersion": 3,
  "requires": true,
  "packages": {
    "": {
      "dependencies": {
        "kiriharateaproject": "^1.1.6"
      }
    },
    "node_modules/kiriharateaproject": {
      "version": "1.1.6",
      "resolved": "https://registry.npmjs.org/kiriharateaproject/-/kiriharateaproject-1.1.6.tgz",
      "integrity": "sha512-Hq168f+VTgH9EFlLWrVJuf8+11SxSqilGLri2L3OIq8bd3zfgwynMNqto0ynM/JJ/GKrW4DDyoRozcM6WUHSCw==",
      "dependencies": {
        "kiriharateaproject": "^1.1.4"
      }
    }
  }
}
